<Solution>
  <!--
    .NET solution (slnx format).
    Empty for now — projects under apps/api/ are added JIT with `dotnet sln add`
    when the modular monolith bounded contexts are scaffolded.
  -->
  <Folder Name="/apps/" />
  <Folder Name="/apps/api/" />
  <Folder Name="/apps/api/src/" />
  <Folder Name="/apps/api/src/Host/">
    <Project Path="apps/api/src/Host/SaasBtp.Api/SaasBtp.Api.csproj" />
  </Folder>
  <Folder Name="/apps/api/src/Modules/" />
  <Folder Name="/apps/api/src/Modules/Access/">
    <Project Path="apps/api/src/Modules/Access/SaasBtp.Access.Application/SaasBtp.Access.Application.csproj" />
    <Project Path="apps/api/src/Modules/Access/SaasBtp.Access.Domain/SaasBtp.Access.Domain.csproj" />
    <Project Path="apps/api/src/Modules/Access/SaasBtp.Access.Infrastructure/SaasBtp.Access.Infrastructure.csproj" />
  </Folder>
  <Folder Name="/apps/api/src/Modules/Site/">
    <Project Path="apps/api/src/Modules/Site/SaasBtp.Site.Application/SaasBtp.Site.Application.csproj" />
    <Project Path="apps/api/src/Modules/Site/SaasBtp.Site.Domain/SaasBtp.Site.Domain.csproj" />
    <Project Path="apps/api/src/Modules/Site/SaasBtp.Site.Infrastructure/SaasBtp.Site.Infrastructure.csproj" />
  </Folder>
  <Folder Name="/apps/api/src/Modules/Safety/">
    <Project Path="apps/api/src/Modules/Safety/SaasBtp.Safety.Domain/SaasBtp.Safety.Domain.csproj" />
    <Project Path="apps/api/src/Modules/Safety/SaasBtp.Safety.Infrastructure/SaasBtp.Safety.Infrastructure.csproj" />
  </Folder>
  <Folder Name="/apps/api/tests/">
    <Project Path="apps/api/tests/SaasBtp.Access.UnitTests/SaasBtp.Access.UnitTests.csproj" />
    <Project Path="apps/api/tests/SaasBtp.Architecture.Tests/SaasBtp.Architecture.Tests.csproj" />
    <Project Path="apps/api/tests/SaasBtp.Site.UnitTests/SaasBtp.Site.UnitTests.csproj" />
    <Project Path="apps/api/tests/SaasBtp.Site.IntegrationTests/SaasBtp.Site.IntegrationTests.csproj" />
    <Project Path="apps/api/tests/SaasBtp.Safety.UnitTests/SaasBtp.Safety.UnitTests.csproj" />
    <Project Path="apps/api/tests/SaasBtp.Safety.IntegrationTests/SaasBtp.Safety.IntegrationTests.csproj" />
  </Folder>
  <Folder Name="/tools/">
    <Project Path="tools/database-migrator/SaasBtp.Database.Migrator/SaasBtp.Database.Migrator.csproj" />
    <Project Path="tools/database-migrator/SaasBtp.Database.Migrator.Tests/SaasBtp.Database.Migrator.Tests.csproj" />
  </Folder>
</Solution>
